{
  "name": "types",
  "version": "1.0.0",
  "lockfileVersion": 3,
  "requires": true,
  "packages": {
    "": {
      "name": "types",
      "version": "1.0.0",
      "dependencies": {
        "@citation-js/plugin-software-formats": "file:../../packages/plugin-software-formats"
      }
    },
    "../../packages/plugin-software-formats": {
      "name": "@citation-js/plugin-software-formats",
      "version": "0.7.1",
      "license": "MIT",
      "dependencies": {
        "@citation-js/plugin-cff": "^0.7.1",
        "@citation-js/plugin-github": "^0.7.1",
        "@citation-js/plugin-npm": "^0.7.1",
        "@citation-js/plugin-yaml": "^0.7.1",
        "@citation-js/plugin-zenodo": "^0.7.1"
      },
      "engines": {
        "node": ">=22.0.0"
      }
    },
    "node_modules/@citation-js/plugin-software-formats": {
      "resolved": "../../packages/plugin-software-formats",
      "link": true
    }
  }
}
